// !$*UTF8*$!
{
	archiveVersion = 1;
	classes = {
	};
	objectVersion = 50;
	objects = {

/* Begin PBXBuildFile section */
		AD1787F324FFFC4E003FBB01 /* TripsViewController.storyboard in Resources */ = {isa = PBXBuildFile; fileRef = AD1787F224FFFC4E003FBB01 /* TripsViewController.storyboard */; };
		AD1787F725000076003FBB01 /* TripsViewController.swift in Sources */ = {isa = PBXBuildFile; fileRef = AD1787F625000076003FBB01 /* TripsViewController.swift */; };
		AD44EEEF2501E8CE005FD340 /* AddTripViewController.swift in Sources */ = {isa = PBXBuildFile; fileRef = AD44EEEE2501E8CE005FD340 /* AddTripViewController.swift */; };
		AD5FCE0424F4059C00067B36 /* AppDelegate.swift in Sources */ = {isa = PBXBuildFile; fileRef = AD5FCE0324F4059C00067B36 /* AppDelegate.swift */; };
		AD5FCE0624F4059C00067B36 /* SceneDelegate.swift in Sources */ = {isa = PBXBuildFile; fileRef = AD5FCE0524F4059C00067B36 /* SceneDelegate.swift */; };
		AD5FCE0D24F4059E00067B36 /* Assets.xcassets in Resources */ = {isa = PBXBuildFile; fileRef = AD5FCE0C24F4059E00067B36 /* Assets.xcassets */; };
		AD5FCE1024F4059E00067B36 /* LaunchScreen.storyboard in Resources */ = {isa = PBXBuildFile; fileRef = AD5FCE0E24F4059E00067B36 /* LaunchScreen.storyboard */; };
		AD7BC6F125013FC4004EEC2D /* Theme.swift in Sources */ = {isa = PBXBuildFile; fileRef = AD7BC6F025013FC4004EEC2D /* Theme.swift */; };
		AD7BC6F52501444A004EEC2D /* Lobster-Regular.ttf in Resources */ = {isa = PBXBuildFile; fileRef = AD7BC6F42501444A004EEC2D /* Lobster-Regular.ttf */; };
		AD7BC6F7250148E7004EEC2D /* Colors.xcassets in Resources */ = {isa = PBXBuildFile; fileRef = AD7BC6F6250148E7004EEC2D /* Colors.xcassets */; };
		AD9BB5202510D70B007DEB41 /* ActivityTableViewCell.swift in Sources */ = {isa = PBXBuildFile; fileRef = AD9BB51F2510D70B007DEB41 /* ActivityTableViewCell.swift */; };
		AD9BB522251117F6007DEB41 /* HeaderTableViewCell.swift in Sources */ = {isa = PBXBuildFile; fileRef = AD9BB521251117F6007DEB41 /* HeaderTableViewCell.swift */; };
		AD9BB52425111E83007DEB41 /* UITableViewCellExtensions.swift in Sources */ = {isa = PBXBuildFile; fileRef = AD9BB52325111E82007DEB41 /* UITableViewCellExtensions.swift */; };
		ADC68B7324FD588500A565EF /* TripModel.swift in Sources */ = {isa = PBXBuildFile; fileRef = ADC68B7224FD588500A565EF /* TripModel.swift */; };
		ADC68B7524FD589900A565EF /* TripFunctions.swift in Sources */ = {isa = PBXBuildFile; fileRef = ADC68B7424FD589900A565EF /* TripFunctions.swift */; };
		ADC68B7724FD5D9300A565EF /* Data.swift in Sources */ = {isa = PBXBuildFile; fileRef = ADC68B7624FD5D9300A565EF /* Data.swift */; };
		ADD0A8B52500490400C4BAFE /* TripsTableViewCell.swift in Sources */ = {isa = PBXBuildFile; fileRef = ADD0A8B42500490400C4BAFE /* TripsTableViewCell.swift */; };
		ADD8714725020D0A0019D9BB /* UIViewExtentions.swift in Sources */ = {isa = PBXBuildFile; fileRef = ADD8714625020D0A0019D9BB /* UIViewExtentions.swift */; };
		ADD8714B25022B5B0019D9BB /* FloatingActionButton.swift in Sources */ = {isa = PBXBuildFile; fileRef = ADD8714A25022B5B0019D9BB /* FloatingActionButton.swift */; };
		ADD8714D250232130019D9BB /* AddTripViewController.storyboard in Resources */ = {isa = PBXBuildFile; fileRef = ADD8714C250232130019D9BB /* AddTripViewController.storyboard */; };
		ADD87151250260760019D9BB /* AppUIButton.swift in Sources */ = {isa = PBXBuildFile; fileRef = ADD87150250260760019D9BB /* AppUIButton.swift */; };
		ADDA3DF3250E2F3F00C71FA9 /* TripActivitiesViewController.swift in Sources */ = {isa = PBXBuildFile; fileRef = ADDA3DF2250E2F3F00C71FA9 /* TripActivitiesViewController.swift */; };
		ADDA3DF5250E2F7F00C71FA9 /* TripActivitiesViewController.storyboard in Resources */ = {isa = PBXBuildFile; fileRef = ADDA3DF4250E2F7F00C71FA9 /* TripActivitiesViewController.storyboard */; };
		ADDA3DF8250E569100C71FA9 /* DayModel.swift in Sources */ = {isa = PBXBuildFile; fileRef = ADDA3DF7250E569100C71FA9 /* DayModel.swift */; };
		ADDA3DFC250E592C00C71FA9 /* ActivityModel.swift in Sources */ = {isa = PBXBuildFile; fileRef = ADDA3DFB250E592C00C71FA9 /* ActivityModel.swift */; };
		ADDA3DFE250E5A7200C71FA9 /* ActivityTypeEnum.swift in Sources */ = {isa = PBXBuildFile; fileRef = ADDA3DFD250E5A7200C71FA9 /* ActivityTypeEnum.swift */; };
/* End PBXBuildFile section */

/* Begin PBXFileReference section */
		AD1787F224FFFC4E003FBB01 /* TripsViewController.storyboard */ = {isa = PBXFileReference; lastKnownFileType = file.storyboard; path = TripsViewController.storyboard; sourceTree = "<group>"; };
		AD1787F625000076003FBB01 /* TripsViewController.swift */ = {isa = PBXFileReference; lastKnownFileType = sourcecode.swift; path = TripsViewController.swift; sourceTree = "<group>"; };
		AD44EEEE2501E8CE005FD340 /* AddTripViewController.swift */ = {isa = PBXFileReference; lastKnownFileType = sourcecode.swift; path = AddTripViewController.swift; sourceTree = "<group>"; };
		AD5FCE0024F4059C00067B36 /* ItineraryApp.app */ = {isa = PBXFileReference; explicitFileType = wrapper.application; includeInIndex = 0; path = ItineraryApp.app; sourceTree = BUILT_PRODUCTS_DIR; };
		AD5FCE0324F4059C00067B36 /* AppDelegate.swift */ = {isa = PBXFileReference; lastKnownFileType = sourcecode.swift; path = AppDelegate.swift; sourceTree = "<group>"; };
		AD5FCE0524F4059C00067B36 /* SceneDelegate.swift */ = {isa = PBXFileReference; lastKnownFileType = sourcecode.swift; path = SceneDelegate.swift; sourceTree = "<group>"; };
		AD5FCE0C24F4059E00067B36 /* Assets.xcassets */ = {isa = PBXFileReference; lastKnownFileType = folder.assetcatalog; path = Assets.xcassets; sourceTree = "<group>"; };
		AD5FCE0F24F4059E00067B36 /* Base */ = {isa = PBXFileReference; lastKnownFileType = file.storyboard; name = Base; path = Base.lproj/LaunchScreen.storyboard; sourceTree = "<group>"; };
		AD5FCE1124F4059E00067B36 /* Info.plist */ = {isa = PBXFileReference; lastKnownFileType = text.plist.xml; path = Info.plist; sourceTree = "<group>"; };
		AD7BC6F025013FC4004EEC2D /* Theme.swift */ = {isa = PBXFileReference; lastKnownFileType = sourcecode.swift; path = Theme.swift; sourceTree = "<group>"; };
		AD7BC6F42501444A004EEC2D /* Lobster-Regular.ttf */ = {isa = PBXFileReference; lastKnownFileType = file; path = "Lobster-Regular.ttf"; sourceTree = "<group>"; };
		AD7BC6F6250148E7004EEC2D /* Colors.xcassets */ = {isa = PBXFileReference; lastKnownFileType = folder.assetcatalog; path = Colors.xcassets; sourceTree = "<group>"; };
		AD9BB51F2510D70B007DEB41 /* ActivityTableViewCell.swift */ = {isa = PBXFileReference; lastKnownFileType = sourcecode.swift; path = ActivityTableViewCell.swift; sourceTree = "<group>"; };
		AD9BB521251117F6007DEB41 /* HeaderTableViewCell.swift */ = {isa = PBXFileReference; fileEncoding = 4; lastKnownFileType = sourcecode.swift; path = HeaderTableViewCell.swift; sourceTree = "<group>"; };
		AD9BB52325111E82007DEB41 /* UITableViewCellExtensions.swift */ = {isa = PBXFileReference; lastKnownFileType = sourcecode.swift; path = UITableViewCellExtensions.swift; sourceTree = "<group>"; };
		ADC68B7224FD588500A565EF /* TripModel.swift */ = {isa = PBXFileReference; lastKnownFileType = sourcecode.swift; path = TripModel.swift; sourceTree = "<group>"; };
		ADC68B7424FD589900A565EF /* TripFunctions.swift */ = {isa = PBXFileReference; lastKnownFileType = sourcecode.swift; path = TripFunctions.swift; sourceTree = "<group>"; };
		ADC68B7624FD5D9300A565EF /* Data.swift */ = {isa = PBXFileReference; lastKnownFileType = sourcecode.swift; path = Data.swift; sourceTree = "<group>"; };
		ADD0A8B42500490400C4BAFE /* TripsTableViewCell.swift */ = {isa = PBXFileReference; lastKnownFileType = sourcecode.swift; path = TripsTableViewCell.swift; sourceTree = "<group>"; };
		ADD8714625020D0A0019D9BB /* UIViewExtentions.swift */ = {isa = PBXFileReference; fileEncoding = 4; lastKnownFileType = sourcecode.swift; path = UIViewExtentions.swift; sourceTree = "<group>"; };
		ADD8714A25022B5B0019D9BB /* FloatingActionButton.swift */ = {isa = PBXFileReference; fileEncoding = 4; lastKnownFileType = sourcecode.swift; path = FloatingActionButton.swift; sourceTree = "<group>"; };
		ADD8714C250232130019D9BB /* AddTripViewController.storyboard */ = {isa = PBXFileReference; fileEncoding = 4; lastKnownFileType = file.storyboard; path = AddTripViewController.storyboard; sourceTree = "<group>"; };
		ADD87150250260760019D9BB /* AppUIButton.swift */ = {isa = PBXFileReference; fileEncoding = 4; lastKnownFileType = sourcecode.swift; path = AppUIButton.swift; sourceTree = "<group>"; };
		ADDA3DF2250E2F3F00C71FA9 /* TripActivitiesViewController.swift */ = {isa = PBXFileReference; lastKnownFileType = sourcecode.swift; path = TripActivitiesViewController.swift; sourceTree = "<group>"; };
		ADDA3DF4250E2F7F00C71FA9 /* TripActivitiesViewController.storyboard */ = {isa = PBXFileReference; lastKnownFileType = file.storyboard; path = TripActivitiesViewController.storyboard; sourceTree = "<group>"; };
		ADDA3DF7250E569100C71FA9 /* DayModel.swift */ = {isa = PBXFileReference; lastKnownFileType = sourcecode.swift; path = DayModel.swift; sourceTree = "<group>"; };
		ADDA3DFB250E592C00C71FA9 /* ActivityModel.swift */ = {isa = PBXFileReference; lastKnownFileType = sourcecode.swift; path = ActivityModel.swift; sourceTree = "<group>"; };
		ADDA3DFD250E5A7200C71FA9 /* ActivityTypeEnum.swift */ = {isa = PBXFileReference; lastKnownFileType = sourcecode.swift; path = ActivityTypeEnum.swift; sourceTree = "<group>"; };
/* End PBXFileReference section */

/* Begin PBXFrameworksBuildPhase section */
		AD5FCDFD24F4059C00067B36 /* Frameworks */ = {
			isa = PBXFrameworksBuildPhase;
			buildActionMask = 2147483647;
			files = (
			);
			runOnlyForDeploymentPostprocessing = 0;
		};
/* End PBXFrameworksBuildPhase section */

/* Begin PBXGroup section */
		AD1787F024FFFC12003FBB01 /* Views */ = {
			isa = PBXGroup;
			children = (
				AD44EEEB2501E759005FD340 /* AddTripViewController */,
				AD1787F124FFFC20003FBB01 /* TripsViewController */,
				ADDA3DF1250E2DF500C71FA9 /* TripActivitiesViewController */,
			);
			path = Views;
			sourceTree = "<group>";
		};
		AD1787F124FFFC20003FBB01 /* TripsViewController */ = {
			isa = PBXGroup;
			children = (
				AD1787F224FFFC4E003FBB01 /* TripsViewController.storyboard */,
				AD1787F625000076003FBB01 /* TripsViewController.swift */,
				ADD0A8B42500490400C4BAFE /* TripsTableViewCell.swift */,
			);
			path = TripsViewController;
			sourceTree = "<group>";
		};
		AD44EEEB2501E759005FD340 /* AddTripViewController */ = {
			isa = PBXGroup;
			children = (
				ADD8714C250232130019D9BB /* AddTripViewController.storyboard */,
				AD44EEEE2501E8CE005FD340 /* AddTripViewController.swift */,
			);
			path = AddTripViewController;
			sourceTree = "<group>";
		};
		AD5FCDF724F4059C00067B36 = {
			isa = PBXGroup;
			children = (
				AD5FCE0224F4059C00067B36 /* ItineraryApp */,
				AD5FCE0124F4059C00067B36 /* Products */,
			);
			sourceTree = "<group>";
		};
		AD5FCE0124F4059C00067B36 /* Products */ = {
			isa = PBXGroup;
			children = (
				AD5FCE0024F4059C00067B36 /* ItineraryApp.app */,
			);
			name = Products;
			sourceTree = "<group>";
		};
		AD5FCE0224F4059C00067B36 /* ItineraryApp */ = {
			isa = PBXGroup;
			children = (
				ADD8714525020CFF0019D9BB /* extentions */,
				AD7BC6EF25013FB6004EEC2D /* Resources */,
				ADC68B7024FD585B00A565EF /* Model */,
				AD1787F024FFFC12003FBB01 /* Views */,
				AD5FCE0324F4059C00067B36 /* AppDelegate.swift */,
				AD5FCE0524F4059C00067B36 /* SceneDelegate.swift */,
				AD5FCE0C24F4059E00067B36 /* Assets.xcassets */,
				AD5FCE0E24F4059E00067B36 /* LaunchScreen.storyboard */,
				AD5FCE1124F4059E00067B36 /* Info.plist */,
			);
			path = ItineraryApp;
			sourceTree = "<group>";
		};
		AD7BC6EF25013FB6004EEC2D /* Resources */ = {
			isa = PBXGroup;
			children = (
				AD7BC6F42501444A004EEC2D /* Lobster-Regular.ttf */,
				AD7BC6F025013FC4004EEC2D /* Theme.swift */,
				AD7BC6F6250148E7004EEC2D /* Colors.xcassets */,
			);
			path = Resources;
			sourceTree = "<group>";
		};
		ADC68B7024FD585B00A565EF /* Model */ = {
			isa = PBXGroup;
			children = (
				ADC68B7624FD5D9300A565EF /* Data.swift */,
				ADDA3DF9250E578D00C71FA9 /* Activity */,
				ADDA3DF6250E565300C71FA9 /* Day */,
				ADC68B7124FD586300A565EF /* TripModel */,
			);
			path = Model;
			sourceTree = "<group>";
		};
		ADC68B7124FD586300A565EF /* TripModel */ = {
			isa = PBXGroup;
			children = (
				ADC68B7224FD588500A565EF /* TripModel.swift */,
				ADC68B7424FD589900A565EF /* TripFunctions.swift */,
			);
			path = TripModel;
			sourceTree = "<group>";
		};
		ADD8714525020CFF0019D9BB /* extentions */ = {
			isa = PBXGroup;
			children = (
				ADD8714625020D0A0019D9BB /* UIViewExtentions.swift */,
				ADD8714A25022B5B0019D9BB /* FloatingActionButton.swift */,
				ADD87150250260760019D9BB /* AppUIButton.swift */,
				AD9BB52325111E82007DEB41 /* UITableViewCellExtensions.swift */,
			);
			path = extentions;
			sourceTree = "<group>";
		};
		ADDA3DF1250E2DF500C71FA9 /* TripActivitiesViewController */ = {
			isa = PBXGroup;
			children = (
				ADDA3DF4250E2F7F00C71FA9 /* TripActivitiesViewController.storyboard */,
				ADDA3DF2250E2F3F00C71FA9 /* TripActivitiesViewController.swift */,
				AD9BB521251117F6007DEB41 /* HeaderTableViewCell.swift */,
				AD9BB51F2510D70B007DEB41 /* ActivityTableViewCell.swift */,
			);
			path = TripActivitiesViewController;
			sourceTree = "<group>";
		};
		ADDA3DF6250E565300C71FA9 /* Day */ = {
			isa = PBXGroup;
			children = (
				ADDA3DF7250E569100C71FA9 /* DayModel.swift */,
			);
			path = Day;
			sourceTree = "<group>";
		};
		ADDA3DF9250E578D00C71FA9 /* Activity */ = {
			isa = PBXGroup;
			children = (
				ADDA3DFB250E592C00C71FA9 /* ActivityModel.swift */,
				ADDA3DFD250E5A7200C71FA9 /* ActivityTypeEnum.swift */,
			);
			path = Activity;
			sourceTree = "<group>";
		};
/* End PBXGroup section */

/* Begin PBXNativeTarget section */
		AD5FCDFF24F4059C00067B36 /* ItineraryApp */ = {
			isa = PBXNativeTarget;
			buildConfigurationList = AD5FCE1424F4059E00067B36 /* Build configuration list for PBXNativeTarget "ItineraryApp" */;
			buildPhases = (
				AD5FCDFC24F4059C00067B36 /* Sources */,
				AD5FCDFD24F4059C00067B36 /* Frameworks */,
				AD5FCDFE24F4059C00067B36 /* Resources */,
			);
			buildRules = (
			);
			dependencies = (
			);
			name = ItineraryApp;
			productName = ItineraryApp;
			productReference = AD5FCE0024F4059C00067B36 /* ItineraryApp.app */;
			productType = "com.apple.product-type.application";
		};
/* End PBXNativeTarget section */

/* Begin PBXProject section */
		AD5FCDF824F4059C00067B36 /* Project object */ = {
			isa = PBXProject;
			attributes = {
				LastSwiftUpdateCheck = 1160;
				LastUpgradeCheck = 1160;
				ORGANIZATIONNAME = "Media Davarkhah";
				TargetAttributes = {
					AD5FCDFF24F4059C00067B36 = {
						CreatedOnToolsVersion = 11.6;
					};
				};
			};
			buildConfigurationList = AD5FCDFB24F4059C00067B36 /* Build configuration list for PBXProject "ItineraryApp" */;
			compatibilityVersion = "Xcode 9.3";
			developmentRegion = en;
			hasScannedForEncodings = 0;
			knownRegions = (
				en,
				Base,
			);
			mainGroup = AD5FCDF724F4059C00067B36;
			productRefGroup = AD5FCE0124F4059C00067B36 /* Products */;
			projectDirPath = "";
			projectRoot = "";
			targets = (
				AD5FCDFF24F4059C00067B36 /* ItineraryApp */,
			);
		};
/* End PBXProject section */

/* Begin PBXResourcesBuildPhase section */
		AD5FCDFE24F4059C00067B36 /* Resources */ = {
			isa = PBXResourcesBuildPhase;
			buildActionMask = 2147483647;
			files = (
				ADD8714D250232130019D9BB /* AddTripViewController.storyboard in Resources */,
				ADDA3DF5250E2F7F00C71FA9 /* TripActivitiesViewController.storyboard in Resources */,
				AD7BC6F7250148E7004EEC2D /* Colors.xcassets in Resources */,
				AD5FCE1024F4059E00067B36 /* LaunchScreen.storyboard in Resources */,
				AD7BC6F52501444A004EEC2D /* Lobster-Regular.ttf in Resources */,
				AD1787F324FFFC4E003FBB01 /* TripsViewController.storyboard in Resources */,
				AD5FCE0D24F4059E00067B36 /* Assets.xcassets in Resources */,
			);
			runOnlyForDeploymentPostprocessing = 0;
		};
/* End PBXResourcesBuildPhase section */

/* Begin PBXSourcesBuildPhase section */
		AD5FCDFC24F4059C00067B36 /* Sources */ = {
			isa = PBXSourcesBuildPhase;
			buildActionMask = 2147483647;
			files = (
				AD7BC6F125013FC4004EEC2D /* Theme.swift in Sources */,
				ADD8714725020D0A0019D9BB /* UIViewExtentions.swift in Sources */,
				ADDA3DF8250E569100C71FA9 /* DayModel.swift in Sources */,
				AD5FCE0424F4059C00067B36 /* AppDelegate.swift in Sources */,
				ADC68B7724FD5D9300A565EF /* Data.swift in Sources */,
				ADDA3DFC250E592C00C71FA9 /* ActivityModel.swift in Sources */,
				AD5FCE0624F4059C00067B36 /* SceneDelegate.swift in Sources */,
				AD1787F725000076003FBB01 /* TripsViewController.swift in Sources */,
				AD9BB5202510D70B007DEB41 /* ActivityTableViewCell.swift in Sources */,
				ADC68B7524FD589900A565EF /* TripFunctions.swift in Sources */,
				AD9BB522251117F6007DEB41 /* HeaderTableViewCell.swift in Sources */,
				ADDA3DF3250E2F3F00C71FA9 /* TripActivitiesViewController.swift in Sources */,
				AD9BB52425111E83007DEB41 /* UITableViewCellExtensions.swift in Sources */,
				ADD87151250260760019D9BB /* AppUIButton.swift in Sources */,
				AD44EEEF2501E8CE005FD340 /* AddTripViewController.swift in Sources */,
				ADDA3DFE250E5A7200C71FA9 /* ActivityTypeEnum.swift in Sources */,
				ADD0A8B52500490400C4BAFE /* TripsTableViewCell.swift in Sources */,
				ADD8714B25022B5B0019D9BB /* FloatingActionButton.swift in Sources */,
				ADC68B7324FD588500A565EF /* TripModel.swift in Sources */,
			);
			runOnlyForDeploymentPostprocessing = 0;
		};
/* End PBXSourcesBuildPhase section */

/* Begin PBXVariantGroup section */
		AD5FCE0E24F4059E00067B36 /* LaunchScreen.storyboard */ = {
			isa = PBXVariantGroup;
			children = (
				AD5FCE0F24F4059E00067B36 /* Base */,
			);
			name = LaunchScreen.storyboard;
			sourceTree = "<group>";
		};
/* End PBXVariantGroup section */

/* Begin XCBuildConfiguration section */
		AD5FCE1224F4059E00067B36 /* Debug */ = {
			isa = XCBuildConfiguration;
			buildSettings = {
				ALWAYS_SEARCH_USER_PATHS = NO;
				CLANG_ANALYZER_NONNULL = YES;
				CLANG_ANALYZER_NUMBER_OBJECT_CONVERSION = YES_AGGRESSIVE;
				CLANG_CXX_LANGUAGE_STANDARD = "gnu++14";
				CLANG_CXX_LIBRARY = "libc++";
				CLANG_ENABLE_MODULES = YES;
				CLANG_ENABLE_OBJC_ARC = YES;
				CLANG_ENABLE_OBJC_WEAK = YES;
				CLANG_WARN_BLOCK_CAPTURE_AUTORELEASING = YES;
				CLANG_WARN_BOOL_CONVERSION = YES;
				CLANG_WARN_COMMA = YES;
				CLANG_WARN_CONSTANT_CONVERSION = YES;
				CLANG_WARN_DEPRECATED_OBJC_IMPLEMENTATIONS = YES;
				CLANG_WARN_DIRECT_OBJC_ISA_USAGE = YES_ERROR;
				CLANG_WARN_DOCUMENTATION_COMMENTS = YES;
				CLANG_WARN_EMPTY_BODY = YES;
				CLANG_WARN_ENUM_CONVERSION = YES;
				CLANG_WARN_INFINITE_RECURSION = YES;
				CLANG_WARN_INT_CONVERSION = YES;
				CLANG_WARN_NON_LITERAL_NULL_CONVERSION = YES;
				CLANG_WARN_OBJC_IMPLICIT_RETAIN_SELF = YES;
				CLANG_WARN_OBJC_LITERAL_CONVERSION = YES;
				CLANG_WARN_OBJC_ROOT_CLASS = YES_ERROR;
				CLANG_WARN_RANGE_LOOP_ANALYSIS = YES;
				CLANG_WARN_STRICT_PROTOTYPES = YES;
				CLANG_WARN_SUSPICIOUS_MOVE = YES;
				CLANG_WARN_UNGUARDED_AVAILABILITY = YES_AGGRESSIVE;
				CLANG_WARN_UNREACHABLE_CODE = YES;
				CLANG_WARN__DUPLICATE_METHOD_MATCH = YES;
				COPY_PHASE_STRIP = NO;
				DEBUG_INFORMATION_FORMAT = dwarf;
				ENABLE_STRICT_OBJC_MSGSEND = YES;
				ENABLE_TESTABILITY = YES;
				GCC_C_LANGUAGE_STANDARD = gnu11;
				GCC_DYNAMIC_NO_PIC = NO;
				GCC_NO_COMMON_BLOCKS = YES;
				GCC_OPTIMIZATION_LEVEL = 0;
				GCC_PREPROCESSOR_DEFINITIONS = (
					"DEBUG=1",
					"$(inherited)",
				);
				GCC_WARN_64_TO_32_BIT_CONVERSION = YES;
				GCC_WARN_ABOUT_RETURN_TYPE = YES_ERROR;
				GCC_WARN_UNDECLARED_SELECTOR = YES;
				GCC_WARN_UNINITIALIZED_AUTOS = YES_AGGRESSIVE;
				GCC_WARN_UNUSED_FUNCTION = YES;
				GCC_WARN_UNUSED_VARIABLE = YES;
				IPHONEOS_DEPLOYMENT_TARGET = 13.6;
				MTL_ENABLE_DEBUG_INFO = INCLUDE_SOURCE;
				MTL_FAST_MATH = YES;
				ONLY_ACTIVE_ARCH = YES;
				SDKROOT = iphoneos;
				SWIFT_ACTIVE_COMPILATION_CONDITIONS = DEBUG;
				SWIFT_OPTIMIZATION_LEVEL = "-Onone";
			};
			name = Debug;
		};
		AD5FCE1324F4059E00067B36 /* Release */ = {
			isa = XCBuildConfiguration;
			buildSettings = {
				ALWAYS_SEARCH_USER_PATHS = NO;
				CLANG_ANALYZER_NONNULL = YES;
				CLANG_ANALYZER_NUMBER_OBJECT_CONVERSION = YES_AGGRESSIVE;
				CLANG_CXX_LANGUAGE_STANDARD = "gnu++14";
				CLANG_CXX_LIBRARY = "libc++";
				CLANG_ENABLE_MODULES = YES;
				CLANG_ENABLE_OBJC_ARC = YES;
				CLANG_ENABLE_OBJC_WEAK = YES;
				CLANG_WARN_BLOCK_CAPTURE_AUTORELEASING = YES;
				CLANG_WARN_BOOL_CONVERSION = YES;
				CLANG_WARN_COMMA = YES;
				CLANG_WARN_CONSTANT_CONVERSION = YES;
				CLANG_WARN_DEPRECATED_OBJC_IMPLEMENTATIONS = YES;
				CLANG_WARN_DIRECT_OBJC_ISA_USAGE = YES_ERROR;
				CLANG_WARN_DOCUMENTATION_COMMENTS = YES;
				CLANG_WARN_EMPTY_BODY = YES;
				CLANG_WARN_ENUM_CONVERSION = YES;
				CLANG_WARN_INFINITE_RECURSION = YES;
				CLANG_WARN_INT_CONVERSION = YES;
				CLANG_WARN_NON_LITERAL_NULL_CONVERSION = YES;
				CLANG_WARN_OBJC_IMPLICIT_RETAIN_SELF = YES;
				CLANG_WARN_OBJC_LITERAL_CONVERSION = YES;
				CLANG_WARN_OBJC_ROOT_CLASS = YES_ERROR;
				CLANG_WARN_RANGE_LOOP_ANALYSIS = YES;
				CLANG_WARN_STRICT_PROTOTYPES = YES;
				CLANG_WARN_SUSPICIOUS_MOVE = YES;
				CLANG_WARN_UNGUARDED_AVAILABILITY = YES_AGGRESSIVE;
				CLANG_WARN_UNREACHABLE_CODE = YES;
				CLANG_WARN__DUPLICATE_METHOD_MATCH = YES;
				COPY_PHASE_STRIP = NO;
				DEBUG_INFORMATION_FORMAT = "dwarf-with-dsym";
				ENABLE_NS_ASSERTIONS = NO;
				ENABLE_STRICT_OBJC_MSGSEND = YES;
				GCC_C_LANGUAGE_STANDARD = gnu11;
				GCC_NO_COMMON_BLOCKS = YES;
				GCC_WARN_64_TO_32_BIT_CONVERSION = YES;
				GCC_WARN_ABOUT_RETURN_TYPE = YES_ERROR;
				GCC_WARN_UNDECLARED_SELECTOR = YES;
				GCC_WARN_UNINITIALIZED_AUTOS = YES_AGGRESSIVE;
				GCC_WARN_UNUSED_FUNCTION = YES;
				GCC_WARN_UNUSED_VARIABLE = YES;
				IPHONEOS_DEPLOYMENT_TARGET = 13.6;
				MTL_ENABLE_DEBUG_INFO = NO;
				MTL_FAST_MATH = YES;
				SDKROOT = iphoneos;
				SWIFT_COMPILATION_MODE = wholemodule;
				SWIFT_OPTIMIZATION_LEVEL = "-O";
				VALIDATE_PRODUCT = YES;
			};
			name = Release;
		};
		AD5FCE1524F4059E00067B36 /* Debug */ = {
			isa = XCBuildConfiguration;
			buildSettings = {
				ASSETCATALOG_COMPILER_APPICON_NAME = AppIcon;
				CODE_SIGN_STYLE = Automatic;
				INFOPLIST_FILE = ItineraryApp/Info.plist;
				LD_RUNPATH_SEARCH_PATHS = (
					"$(inherited)",
					"@executable_path/Frameworks",
				);
				PRODUCT_BUNDLE_IDENTIFIER = com.mediadh.App.ItineraryApp;
				PRODUCT_NAME = "$(TARGET_NAME)";
				SWIFT_VERSION = 5.0;
				TARGETED_DEVICE_FAMILY = "1,2";
			};
			name = Debug;
		};
		AD5FCE1624F4059E00067B36 /* Release */ = {
			isa = XCBuildConfiguration;
			buildSettings = {
				ASSETCATALOG_COMPILER_APPICON_NAME = AppIcon;
				CODE_SIGN_STYLE = Automatic;
				INFOPLIST_FILE = ItineraryApp/Info.plist;
				LD_RUNPATH_SEARCH_PATHS = (
					"$(inherited)",
					"@executable_path/Frameworks",
				);
				PRODUCT_BUNDLE_IDENTIFIER = com.mediadh.App.ItineraryApp;
				PRODUCT_NAME = "$(TARGET_NAME)";
				SWIFT_VERSION = 5.0;
				TARGETED_DEVICE_FAMILY = "1,2";
			};
			name = Release;
		};
/* End XCBuildConfiguration section */

/* Begin XCConfigurationList section */
		AD5FCDFB24F4059C00067B36 /* Build configuration list for PBXProject "ItineraryApp" */ = {
			isa = XCConfigurationList;
			buildConfigurations = (
				AD5FCE1224F4059E00067B36 /* Debug */,
				AD5FCE1324F4059E00067B36 /* Release */,
			);
			defaultConfigurationIsVisible = 0;
			defaultConfigurationName = Release;
		};
		AD5FCE1424F4059E00067B36 /* Build configuration list for PBXNativeTarget "ItineraryApp" */ = {
			isa = XCConfigurationList;
			buildConfigurations = (
				AD5FCE1524F4059E00067B36 /* Debug */,
				AD5FCE1624F4059E00067B36 /* Release */,
			);
			defaultConfigurationIsVisible = 0;
			defaultConfigurationName = Release;
		};
/* End XCConfigurationList section */
	};
	rootObject = AD5FCDF824F4059C00067B36 /* Project object */;
}
